
Microsoft Visual Studio Solution File, Format Version 12.00
# Visual Studio Version 17
VisualStudioVersion = 17.6.33723.286
MinimumVisualStudioVersion = 10.0.40219.1
Project("{2150E333-8FDC-42A3-9474-1A3956D46DE8}") = "FrontEnd", "FrontEnd", "{3FFE28A1-8D09-4D4E-8126-D14F14476CC9}"
EndProject
Project("{2150E333-8FDC-42A3-9474-1A3956D46DE8}") = "Services", "Services", "{0F2424A5-F228-4918-8045-0D6D381D0588}"
EndProject
Project("{9A19103F-16F7-4668-BE54-9A1E7A4F7556}") = "GeekShopping.Web", "GeekShopping.Web\GeekShopping.Web.csproj", "{E2DF1104-F767-4DA7-A461-78577242C675}"
EndProject
Project("{9A19103F-16F7-4668-BE54-9A1E7A4F7556}") = "GeekShopping.ProductAPI", "GeekShopping.ProductAPI\GeekShopping.ProductAPI.csproj", "{C7979916-AC15-4181-9D3F-D7271B0CE50E}"
EndProject
Project("{FAE04EC0-301F-11D3-BF4B-00C04F79EFBC}") = "GeekShopping.IdentityServer", "GeekShopping.IdentityServer\GeekShopping.IdentityServer.csproj", "{E374920A-1385-4E19-A8CE-660447E49785}"
EndProject
Global
	GlobalSection(SolutionConfigurationPlatforms) = preSolution
		Debug|Any CPU = Debug|Any CPU
		Release|Any CPU = Release|Any CPU
	EndGlobalSection
	GlobalSection(ProjectConfigurationPlatforms) = postSolution
		{E2DF1104-F767-4DA7-A461-78577242C675}.Debug|Any CPU.ActiveCfg = Debug|Any CPU
		{E2DF1104-F767-4DA7-A461-78577242C675}.Debug|Any CPU.Build.0 = Debug|Any CPU
		{E2DF1104-F767-4DA7-A461-78577242C675}.Release|Any CPU.ActiveCfg = Release|Any CPU
		{E2DF1104-F767-4DA7-A461-78577242C675}.Release|Any CPU.Build.0 = Release|Any CPU
		{C7979916-AC15-4181-9D3F-D7271B0CE50E}.Debug|Any CPU.ActiveCfg = Debug|Any CPU
		{C7979916-AC15-4181-9D3F-D7271B0CE50E}.Debug|Any CPU.Build.0 = Debug|Any CPU
		{C7979916-AC15-4181-9D3F-D7271B0CE50E}.Release|Any CPU.ActiveCfg = Release|Any CPU
		{C7979916-AC15-4181-9D3F-D7271B0CE50E}.Release|Any CPU.Build.0 = Release|Any CPU
		{E374920A-1385-4E19-A8CE-660447E49785}.Debug|Any CPU.ActiveCfg = Debug|Any CPU
		{E374920A-1385-4E19-A8CE-660447E49785}.Debug|Any CPU.Build.0 = Debug|Any CPU
		{E374920A-1385-4E19-A8CE-660447E49785}.Release|Any CPU.ActiveCfg = Release|Any CPU
		{E374920A-1385-4E19-A8CE-660447E49785}.Release|Any CPU.Build.0 = Release|Any CPU
	EndGlobalSection
	GlobalSection(SolutionProperties) = preSolution
		HideSolutionNode = FALSE
	EndGlobalSection
	GlobalSection(NestedProjects) = preSolution
		{E2DF1104-F767-4DA7-A461-78577242C675} = {3FFE28A1-8D09-4D4E-8126-D14F14476CC9}
		{C7979916-AC15-4181-9D3F-D7271B0CE50E} = {0F2424A5-F228-4918-8045-0D6D381D0588}
		{E374920A-1385-4E19-A8CE-660447E49785} = {0F2424A5-F228-4918-8045-0D6D381D0588}
	EndGlobalSection
	GlobalSection(ExtensibilityGlobals) = postSolution
		SolutionGuid = {B16672A4-FD01-4292-9B5F-880CE0F630FC}
	EndGlobalSection
EndGlobal
